github.com/usnistgov/hugo-uswds v1.0.0 h1:6Nwrs4XWOkxOheWWM8VTEl6aMM7cLQUNv0chuUokB8o=
github.com/usnistgov/hugo-uswds v1.0.0/go.mod h1:MkgH5fvt5GIZo70VkBav+wP6br+MzrD/+OMZ9EqDkHM=
github.com/usnistgov/hugo-uswds v1.0.1-0.20230907132321-3e1389f75de0 h1:+PvpssggA3G9SNXFhIVjMi+UWNOaJlXOubfW23asz9Y=
github.com/usnistgov/hugo-uswds v1.0.1-0.20230907132321-3e1389f75de0/go.mod h1:MkgH5fvt5GIZo70VkBav+wP6br+MzrD/+OMZ9EqDkHM=
